// !$*UTF8*$!
{
	archiveVersion = 1;
	classes = {
	};
	objectVersion = 46;
	objects = {

/* Begin PBXBuildFile section */
		34337DDB182F950100C9C139 /* Foundation.framework in Frameworks */ = {isa = PBXBuildFile; fileRef = 34337DDA182F950100C9C139 /* Foundation.framework */; };
		34337DDD182F950100C9C139 /* CoreGraphics.framework in Frameworks */ = {isa = PBXBuildFile; fileRef = 34337DDC182F950100C9C139 /* CoreGraphics.framework */; };
		34337DDF182F950100C9C139 /* UIKit.framework in Frameworks */ = {isa = PBXBuildFile; fileRef = 34337DDE182F950100C9C139 /* UIKit.framework */; };
		34337DE5182F950100C9C139 /* InfoPlist.strings in Resources */ = {isa = PBXBuildFile; fileRef = 34337DE3182F950100C9C139 /* InfoPlist.strings */; };
		34337DE7182F950100C9C139 /* main.m in Sources */ = {isa = PBXBuildFile; fileRef = 34337DE6182F950100C9C139 /* main.m */; };
		34337DEB182F950100C9C139 /* AppDelegate.m in Sources */ = {isa = PBXBuildFile; fileRef = 34337DEA182F950100C9C139 /* AppDelegate.m */; };
		34337DEE182F950100C9C139 /* Main.storyboard in Resources */ = {isa = PBXBuildFile; fileRef = 34337DEC182F950100C9C139 /* Main.storyboard */; };
		34337DF1182F950100C9C139 /* ViewController.m in Sources */ = {isa = PBXBuildFile; fileRef = 34337DF0182F950100C9C139 /* ViewController.m */; };
		34337DF3182F950100C9C139 /* Images.xcassets in Resources */ = {isa = PBXBuildFile; fileRef = 34337DF2182F950100C9C139 /* Images.xcassets */; };
		34337DFA182F950100C9C139 /* XCTest.framework in Frameworks */ = {isa = PBXBuildFile; fileRef = 34337DF9182F950100C9C139 /* XCTest.framework */; };
		34337DFB182F950100C9C139 /* Foundation.framework in Frameworks */ = {isa = PBXBuildFile; fileRef = 34337DDA182F950100C9C139 /* Foundation.framework */; };
		34337DFC182F950100C9C139 /* UIKit.framework in Frameworks */ = {isa = PBXBuildFile; fileRef = 34337DDE182F950100C9C139 /* UIKit.framework */; };
		34337E04182F950100C9C139 /* InfoPlist.strings in Resources */ = {isa = PBXBuildFile; fileRef = 34337E02182F950100C9C139 /* InfoPlist.strings */; };
		34337E06182F950100C9C139 /* MiniprojectTests.m in Sources */ = {isa = PBXBuildFile; fileRef = 34337E05182F950100C9C139 /* MiniprojectTests.m */; };
/* End PBXBuildFile section */

/* Begin PBXContainerItemProxy section */
		34337DFD182F950100C9C139 /* PBXContainerItemProxy */ = {
			isa = PBXContainerItemProxy;
			containerPortal = 34337DCF182F950100C9C139 /* Project object */;
			proxyType = 1;
			remoteGlobalIDString = 34337DD6182F950100C9C139;
			remoteInfo = Miniproject;
		};
/* End PBXContainerItemProxy section */

/* Begin PBXFileReference section */
		34337DD7182F950100C9C139 /* Miniproject.app */ = {isa = PBXFileReference; explicitFileType = wrapper.application; includeInIndex = 0; path = Miniproject.app; sourceTree = BUILT_PRODUCTS_DIR; };
		34337DDA182F950100C9C139 /* Foundation.framework */ = {isa = PBXFileReference; lastKnownFileType = wrapper.framework; name = Foundation.framework; path = System/Library/Frameworks/Foundation.framework; sourceTree = SDKROOT; };
		34337DDC182F950100C9C139 /* CoreGraphics.framework */ = {isa = PBXFileReference; lastKnownFileType = wrapper.framework; name = CoreGraphics.framework; path = System/Library/Frameworks/CoreGraphics.framework; sourceTree = SDKROOT; };
		34337DDE182F950100C9C139 /* UIKit.framework */ = {isa = PBXFileReference; lastKnownFileType = wrapper.framework; name = UIKit.framework; path = System/Library/Frameworks/UIKit.framework; sourceTree = SDKROOT; };
		34337DE2182F950100C9C139 /* Miniproject-Info.plist */ = {isa = PBXFileReference; lastKnownFileType = text.plist.xml; path = "Miniproject-Info.plist"; sourceTree = "<group>"; };
		34337DE4182F950100C9C139 /* en */ = {isa = PBXFileReference; lastKnownFileType = text.plist.strings; name = en; path = en.lproj/InfoPlist.strings; sourceTree = "<group>"; };
		34337DE6182F950100C9C139 /* main.m */ = {isa = PBXFileReference; lastKnownFileType = sourcecode.c.objc; path = main.m; sourceTree = "<group>"; };
		34337DE8182F950100C9C139 /* Miniproject-Prefix.pch */ = {isa = PBXFileReference; lastKnownFileType = sourcecode.c.h; path = "Miniproject-Prefix.pch"; sourceTree = "<group>"; };
		34337DE9182F950100C9C139 /* AppDelegate.h */ = {isa = PBXFileReference; lastKnownFileType = sourcecode.c.h; path = AppDelegate.h; sourceTree = "<group>"; };
		34337DEA182F950100C9C139 /* AppDelegate.m */ = {isa = PBXFileReference; lastKnownFileType = sourcecode.c.objc; path = AppDelegate.m; sourceTree = "<group>"; };
		34337DED182F950100C9C139 /* Base */ = {isa = PBXFileReference; lastKnownFileType = file.storyboard; name = Base; path = Base.lproj/Main.storyboard; sourceTree = "<group>"; };
		34337DEF182F950100C9C139 /* ViewController.h */ = {isa = PBXFileReference; lastKnownFileType = sourcecode.c.h; path = ViewController.h; sourceTree = "<group>"; };
		34337DF0182F950100C9C139 /* ViewController.m */ = {isa = PBXFileReference; lastKnownFileType = sourcecode.c.objc; path = ViewController.m; sourceTree = "<group>"; };
		34337DF2182F950100C9C139 /* Images.xcassets */ = {isa = PBXFileReference; lastKnownFileType = folder.assetcatalog; path = Images.xcassets; sourceTree = "<group>"; };
		34337DF8182F950100C9C139 /* MiniprojectTests.xctest */ = {isa = PBXFileReference; explicitFileType = wrapper.cfbundle; includeInIndex = 0; path = MiniprojectTests.xctest; sourceTree = BUILT_PRODUCTS_DIR; };
		34337DF9182F950100C9C139 /* XCTest.framework */ = {isa = PBXFileReference; lastKnownFileType = wrapper.framework; name = XCTest.framework; path = Library/Frameworks/XCTest.framework; sourceTree = DEVELOPER_DIR; };
		34337E01182F950100C9C139 /* MiniprojectTests-Info.plist */ = {isa = PBXFileReference; lastKnownFileType = text.plist.xml; path = "MiniprojectTests-Info.plist"; sourceTree = "<group>"; };
		34337E03182F950100C9C139 /* en */ = {isa = PBXFileReference; lastKnownFileType = text.plist.strings; name = en; path = en.lproj/InfoPlist.strings; sourceTree = "<group>"; };
		34337E05182F950100C9C139 /* MiniprojectTests.m */ = {isa = PBXFileReference; lastKnownFileType = sourcecode.c.objc; path = MiniprojectTests.m; sourceTree = "<group>"; };
/* End PBXFileReference section */

/* Begin PBXFrameworksBuildPhase section */
		34337DD4182F950100C9C139 /* Frameworks */ = {
			isa = PBXFrameworksBuildPhase;
			buildActionMask = 2147483647;
			files = (
				34337DDD182F950100C9C139 /* CoreGraphics.framework in Frameworks */,
				34337DDF182F950100C9C139 /* UIKit.framework in Frameworks */,
				34337DDB182F950100C9C139 /* Foundation.framework in Frameworks */,
			);
			runOnlyForDeploymentPostprocessing = 0;
		};
		34337DF5182F950100C9C139 /* Frameworks */ = {
			isa = PBXFrameworksBuildPhase;
			buildActionMask = 2147483647;
			files = (
				34337DFA182F950100C9C139 /* XCTest.framework in Frameworks */,
				34337DFC182F950100C9C139 /* UIKit.framework in Frameworks */,
				34337DFB182F950100C9C139 /* Foundation.framework in Frameworks */,
			);
			runOnlyForDeploymentPostprocessing = 0;
		};
/* End PBXFrameworksBuildPhase section */

/* Begin PBXGroup section */
		34337DCE182F950100C9C139 = {
			isa = PBXGroup;
			children = (
				34337DE0182F950100C9C139 /* Miniproject */,
				34337DFF182F950100C9C139 /* MiniprojectTests */,
				34337DD9182F950100C9C139 /* Frameworks */,
				34337DD8182F950100C9C139 /* Products */,
			);
			sourceTree = "<group>";
		};
		34337DD8182F950100C9C139 /* Products */ = {
			isa = PBXGroup;
			children = (
				34337DD7182F950100C9C139 /* Miniproject.app */,
				34337DF8182F950100C9C139 /* MiniprojectTests.xctest */,
			);
			name = Products;
			sourceTree = "<group>";
		};
		34337DD9182F950100C9C139 /* Frameworks */ = {
			isa = PBXGroup;
			children = (
				34337DDA182F950100C9C139 /* Foundation.framework */,
				34337DDC182F950100C9C139 /* CoreGraphics.framework */,
				34337DDE182F950100C9C139 /* UIKit.framework */,
				34337DF9182F950100C9C139 /* XCTest.framework */,
			);
			name = Frameworks;
			sourceTree = "<group>";
		};
		34337DE0182F950100C9C139 /* Miniproject */ = {
			isa = PBXGroup;
			children = (
				34337DE9182F950100C9C139 /* AppDelegate.h */,
				34337DEA182F950100C9C139 /* AppDelegate.m */,
				34337DEC182F950100C9C139 /* Main.storyboard */,
				34337DEF182F950100C9C139 /* ViewController.h */,
				34337DF0182F950100C9C139 /* ViewController.m */,
				34337DF2182F950100C9C139 /* Images.xcassets */,
				34337DE1182F950100C9C139 /* Supporting Files */,
			);
			path = Miniproject;
			sourceTree = "<group>";
		};
		34337DE1182F950100C9C139 /* Supporting Files */ = {
			isa = PBXGroup;
			children = (
				34337DE2182F950100C9C139 /* Miniproject-Info.plist */,
				34337DE3182F950100C9C139 /* InfoPlist.strings */,
				34337DE6182F950100C9C139 /* main.m */,
				34337DE8182F950100C9C139 /* Miniproject-Prefix.pch */,
			);
			name = "Supporting Files";
			sourceTree = "<group>";
		};
		34337DFF182F950100C9C139 /* MiniprojectTests */ = {
			isa = PBXGroup;
			children = (
				34337E05182F950100C9C139 /* MiniprojectTests.m */,
				34337E00182F950100C9C139 /* Supporting Files */,
			);
			path = MiniprojectTests;
			sourceTree = "<group>";
		};
		34337E00182F950100C9C139 /* Supporting Files */ = {
			isa = PBXGroup;
			children = (
				34337E01182F950100C9C139 /* MiniprojectTests-Info.plist */,
				34337E02182F950100C9C139 /* InfoPlist.strings */,
			);
			name = "Supporting Files";
			sourceTree = "<group>";
		};
/* End PBXGroup section */

/* Begin PBXNativeTarget section */
		34337DD6182F950100C9C139 /* Miniproject */ = {
			isa = PBXNativeTarget;
			buildConfigurationList = 34337E09182F950100C9C139 /* Build configuration list for PBXNativeTarget "Miniproject" */;
			buildPhases = (
				34337DD3182F950100C9C139 /* Sources */,
				34337DD4182F950100C9C139 /* Frameworks */,
				34337DD5182F950100C9C139 /* Resources */,
			);
			buildRules = (
			);
			dependencies = (
			);
			name = Miniproject;
			productName = Miniproject;
			productReference = 34337DD7182F950100C9C139 /* Miniproject.app */;
			productType = "com.apple.product-type.application";
		};
		34337DF7182F950100C9C139 /* MiniprojectTests */ = {
			isa = PBXNativeTarget;
			buildConfigurationList = 34337E0C182F950100C9C139 /* Build configuration list for PBXNativeTarget "MiniprojectTests" */;
			buildPhases = (
				34337DF4182F950100C9C139 /* Sources */,
				34337DF5182F950100C9C139 /* Frameworks */,
				34337DF6182F950100C9C139 /* Resources */,
			);
			buildRules = (
			);
			dependencies = (
				34337DFE182F950100C9C139 /* PBXTargetDependency */,
			);
			name = MiniprojectTests;
			productName = MiniprojectTests;
			productReference = 34337DF8182F950100C9C139 /* MiniprojectTests.xctest */;
			productType = "com.apple.product-type.bundle.unit-test";
		};
/* End PBXNativeTarget section */

/* Begin PBXProject section */
		34337DCF182F950100C9C139 /* Project object */ = {
			isa = PBXProject;
			attributes = {
				LastUpgradeCheck = 0500;
				ORGANIZATIONNAME = "Chibi Pond";
				TargetAttributes = {
					34337DF7182F950100C9C139 = {
						TestTargetID = 34337DD6182F950100C9C139;
					};
				};
			};
			buildConfigurationList = 34337DD2182F950100C9C139 /* Build configuration list for PBXProject "Miniproject" */;
			compatibilityVersion = "Xcode 3.2";
			developmentRegion = English;
			hasScannedForEncodings = 0;
			knownRegions = (
				en,
				Base,
			);
			mainGroup = 34337DCE182F950100C9C139;
			productRefGroup = 34337DD8182F950100C9C139 /* Products */;
			projectDirPath = "";
			projectRoot = "";
			targets = (
				34337DD6182F950100C9C139 /* Miniproject */,
				34337DF7182F950100C9C139 /* MiniprojectTests */,
			);
		};
/* End PBXProject section */

/* Begin PBXResourcesBuildPhase section */
		34337DD5182F950100C9C139 /* Resources */ = {
			isa = PBXResourcesBuildPhase;
			buildActionMask = 2147483647;
			files = (
				34337DF3182F950100C9C139 /* Images.xcassets in Resources */,
				34337DE5182F950100C9C139 /* InfoPlist.strings in Resources */,
				34337DEE182F950100C9C139 /* Main.storyboard in Resources */,
			);
			runOnlyForDeploymentPostprocessing = 0;
		};
		34337DF6182F950100C9C139 /* Resources */ = {
			isa = PBXResourcesBuildPhase;
			buildActionMask = 2147483647;
			files = (
				34337E04182F950100C9C139 /* InfoPlist.strings in Resources */,
			);
			runOnlyForDeploymentPostprocessing = 0;
		};
/* End PBXResourcesBuildPhase section */

/* Begin PBXSourcesBuildPhase section */
		34337DD3182F950100C9C139 /* Sources */ = {
			isa = PBXSourcesBuildPhase;
			buildActionMask = 2147483647;
			files = (
				34337DF1182F950100C9C139 /* ViewController.m in Sources */,
				34337DEB182F950100C9C139 /* AppDelegate.m in Sources */,
				34337DE7182F950100C9C139 /* main.m in Sources */,
			);
			runOnlyForDeploymentPostprocessing = 0;
		};
		34337DF4182F950100C9C139 /* Sources */ = {
			isa = PBXSourcesBuildPhase;
			buildActionMask = 2147483647;
			files = (
				34337E06182F950100C9C139 /* MiniprojectTests.m in Sources */,
			);
			runOnlyForDeploymentPostprocessing = 0;
		};
/* End PBXSourcesBuildPhase section */

/* Begin PBXTargetDependency section */
		34337DFE182F950100C9C139 /* PBXTargetDependency */ = {
			isa = PBXTargetDependency;
			target = 34337DD6182F950100C9C139 /* Miniproject */;
			targetProxy = 34337DFD182F950100C9C139 /* PBXContainerItemProxy */;
		};
/* End PBXTargetDependency section */

/* Begin PBXVariantGroup section */
		34337DE3182F950100C9C139 /* InfoPlist.strings */ = {
			isa = PBXVariantGroup;
			children = (
				34337DE4182F950100C9C139 /* en */,
			);
			name = InfoPlist.strings;
			sourceTree = "<group>";
		};
		34337DEC182F950100C9C139 /* Main.storyboard */ = {
			isa = PBXVariantGroup;
			children = (
				34337DED182F950100C9C139 /* Base */,
			);
			name = Main.storyboard;
			sourceTree = "<group>";
		};
		34337E02182F950100C9C139 /* InfoPlist.strings */ = {
			isa = PBXVariantGroup;
			children = (
				34337E03182F950100C9C139 /* en */,
			);
			name = InfoPlist.strings;
			sourceTree = "<group>";
		};
/* End PBXVariantGroup section */

/* Begin XCBuildConfiguration section */
		34337E07182F950100C9C139 /* Debug */ = {
			isa = XCBuildConfiguration;
			buildSettings = {
				ALWAYS_SEARCH_USER_PATHS = NO;
				ARCHS = "$(ARCHS_STANDARD_INCLUDING_64_BIT)";
				CLANG_CXX_LANGUAGE_STANDARD = "gnu++0x";
				CLANG_CXX_LIBRARY = "libc++";
				CLANG_ENABLE_MODULES = YES;
				CLANG_ENABLE_OBJC_ARC = YES;
				CLANG_WARN_BOOL_CONVERSION = YES;
				CLANG_WARN_CONSTANT_CONVERSION = YES;
				CLANG_WARN_DIRECT_OBJC_ISA_USAGE = YES_ERROR;
				CLANG_WARN_EMPTY_BODY = YES;
				CLANG_WARN_ENUM_CONVERSION = YES;
				CLANG_WARN_INT_CONVERSION = YES;
				CLANG_WARN_OBJC_ROOT_CLASS = YES_ERROR;
				CLANG_WARN__DUPLICATE_METHOD_MATCH = YES;
				"CODE_SIGN_IDENTITY[sdk=iphoneos*]" = "iPhone Developer";
				COPY_PHASE_STRIP = NO;
				GCC_C_LANGUAGE_STANDARD = gnu99;
				GCC_DYNAMIC_NO_PIC = NO;
				GCC_OPTIMIZATION_LEVEL = 0;
				GCC_PREPROCESSOR_DEFINITIONS = (
					"DEBUG=1",
					"$(inherited)",
				);
				GCC_SYMBOLS_PRIVATE_EXTERN = NO;
				GCC_WARN_64_TO_32_BIT_CONVERSION = YES;
				GCC_WARN_ABOUT_RETURN_TYPE = YES_ERROR;
				GCC_WARN_UNDECLARED_SELECTOR = YES;
				GCC_WARN_UNINITIALIZED_AUTOS = YES;
				GCC_WARN_UNUSED_FUNCTION = YES;
				GCC_WARN_UNUSED_VARIABLE = YES;
				IPHONEOS_DEPLOYMENT_TARGET = 7.0;
				ONLY_ACTIVE_ARCH = YES;
				SDKROOT = iphoneos;
			};
			name = Debug;
		};
		34337E08182F950100C9C139 /* Release */ = {
			isa = XCBuildConfiguration;
			buildSettings = {
				ALWAYS_SEARCH_USER_PATHS = NO;
				ARCHS = "$(ARCHS_STANDARD_INCLUDING_64_BIT)";
				CLANG_CXX_LANGUAGE_STANDARD = "gnu++0x";
				CLANG_CXX_LIBRARY = "libc++";
				CLANG_ENABLE_MODULES = YES;
				CLANG_ENABLE_OBJC_ARC = YES;
				CLANG_WARN_BOOL_CONVERSION = YES;
				CLANG_WARN_CONSTANT_CONVERSION = YES;
				CLANG_WARN_DIRECT_OBJC_ISA_USAGE = YES_ERROR;
				CLANG_WARN_EMPTY_BODY = YES;
				CLANG_WARN_ENUM_CONVERSION = YES;
				CLANG_WARN_INT_CONVERSION = YES;
				CLANG_WARN_OBJC_ROOT_CLASS = YES_ERROR;
				CLANG_WARN__DUPLICATE_METHOD_MATCH = YES;
				"CODE_SIGN_IDENTITY[sdk=iphoneos*]" = "iPhone Developer";
				COPY_PHASE_STRIP = YES;
				ENABLE_NS_ASSERTIONS = NO;
				GCC_C_LANGUAGE_STANDARD = gnu99;
				GCC_WARN_64_TO_32_BIT_CONVERSION = YES;
				GCC_WARN_ABOUT_RETURN_TYPE = YES_ERROR;
				GCC_WARN_UNDECLARED_SELECTOR = YES;
				GCC_WARN_UNINITIALIZED_AUTOS = YES;
				GCC_WARN_UNUSED_FUNCTION = YES;
				GCC_WARN_UNUSED_VARIABLE = YES;
				IPHONEOS_DEPLOYMENT_TARGET = 7.0;
				SDKROOT = iphoneos;
				VALIDATE_PRODUCT = YES;
			};
			name = Release;
		};
		34337E0A182F950100C9C139 /* Debug */ = {
			isa = XCBuildConfiguration;
			buildSettings = {
				ASSETCATALOG_COMPILER_APPICON_NAME = AppIcon;
				ASSETCATALOG_COMPILER_LAUNCHIMAGE_NAME = LaunchImage;
				GCC_PRECOMPILE_PREFIX_HEADER = YES;
				GCC_PREFIX_HEADER = "Miniproject/Miniproject-Prefix.pch";
				INFOPLIST_FILE = "Miniproject/Miniproject-Info.plist";
				PRODUCT_NAME = "$(TARGET_NAME)";
				WRAPPER_EXTENSION = app;
			};
			name = Debug;
		};
		34337E0B182F950100C9C139 /* Release */ = {
			isa = XCBuildConfiguration;
			buildSettings = {
				ASSETCATALOG_COMPILER_APPICON_NAME = AppIcon;
				ASSETCATALOG_COMPILER_LAUNCHIMAGE_NAME = LaunchImage;
				GCC_PRECOMPILE_PREFIX_HEADER = YES;
				GCC_PREFIX_HEADER = "Miniproject/Miniproject-Prefix.pch";
				INFOPLIST_FILE = "Miniproject/Miniproject-Info.plist";
				PRODUCT_NAME = "$(TARGET_NAME)";
				WRAPPER_EXTENSION = app;
			};
			name = Release;
		};
		34337E0D182F950100C9C139 /* Debug */ = {
			isa = XCBuildConfiguration;
			buildSettings = {
				ARCHS = "$(ARCHS_STANDARD_INCLUDING_64_BIT)";
				BUNDLE_LOADER = "$(BUILT_PRODUCTS_DIR)/Miniproject.app/Miniproject";
				FRAMEWORK_SEARCH_PATHS = (
					"$(SDKROOT)/Developer/Library/Frameworks",
					"$(inherited)",
					"$(DEVELOPER_FRAMEWORKS_DIR)",
				);
				GCC_PRECOMPILE_PREFIX_HEADER = YES;
				GCC_PREFIX_HEADER = "Miniproject/Miniproject-Prefix.pch";
				GCC_PREPROCESSOR_DEFINITIONS = (
					"DEBUG=1",
					"$(inherited)",
				);
				INFOPLIST_FILE = "MiniprojectTests/MiniprojectTests-Info.plist";
				PRODUCT_NAME = "$(TARGET_NAME)";
				TEST_HOST = "$(BUNDLE_LOADER)";
				WRAPPER_EXTENSION = xctest;
			};
			name = Debug;
		};
		34337E0E182F950100C9C139 /* Release */ = {
			isa = XCBuildConfiguration;
			buildSettings = {
				ARCHS = "$(ARCHS_STANDARD_INCLUDING_64_BIT)";
				BUNDLE_LOADER = "$(BUILT_PRODUCTS_DIR)/Miniproject.app/Miniproject";
				FRAMEWORK_SEARCH_PATHS = (
					"$(SDKROOT)/Developer/Library/Frameworks",
					"$(inherited)",
					"$(DEVELOPER_FRAMEWORKS_DIR)",
				);
				GCC_PRECOMPILE_PREFIX_HEADER = YES;
				GCC_PREFIX_HEADER = "Miniproject/Miniproject-Prefix.pch";
				INFOPLIST_FILE = "MiniprojectTests/MiniprojectTests-Info.plist";
				PRODUCT_NAME = "$(TARGET_NAME)";
				TEST_HOST = "$(BUNDLE_LOADER)";
				WRAPPER_EXTENSION = xctest;
			};
			name = Release;
		};
/* End XCBuildConfiguration section */

/* Begin XCConfigurationList section */
		34337DD2182F950100C9C139 /* Build configuration list for PBXProject "Miniproject" */ = {
			isa = XCConfigurationList;
			buildConfigurations = (
				34337E07182F950100C9C139 /* Debug */,
				34337E08182F950100C9C139 /* Release */,
			);
			defaultConfigurationIsVisible = 0;
			defaultConfigurationName = Release;
		};
		34337E09182F950100C9C139 /* Build configuration list for PBXNativeTarget "Miniproject" */ = {
			isa = XCConfigurationList;
			buildConfigurations = (
				34337E0A182F950100C9C139 /* Debug */,
				34337E0B182F950100C9C139 /* Release */,
			);
			defaultConfigurationIsVisible = 0;
		};
		34337E0C182F950100C9C139 /* Build configuration list for PBXNativeTarget "MiniprojectTests" */ = {
			isa = XCConfigurationList;
			buildConfigurations = (
				34337E0D182F950100C9C139 /* Debug */,
				34337E0E182F950100C9C139 /* Release */,
			);
			defaultConfigurationIsVisible = 0;
		};
/* End XCConfigurationList section */
	};
	rootObject = 34337DCF182F950100C9C139 /* Project object */;
}
